
Microsoft Visual Studio Solution File, Format Version 12.00
# Visual Studio 14
VisualStudioVersion = 14.0.24720.0
MinimumVisualStudioVersion = 10.0.40219.1
Project("{FAE04EC0-301F-11D3-BF4B-00C04F79EFBC}") = "System.Data.ODB.SQLite", "System.Data.ODB.SQLite\System.Data.ODB.SQLite.csproj", "{C7BBBE3B-D59B-4EE8-BB85-903B4B7BB8F2}"
EndProject
Project("{FAE04EC0-301F-11D3-BF4B-00C04F79EFBC}") = "System.Data.ODB", "System.Data.ODB\System.Data.ODB.csproj", "{229D7B4E-1718-4C93-9D69-EC68938A9731}"
EndProject
Project("{FAE04EC0-301F-11D3-BF4B-00C04F79EFBC}") = "UnitTest", "UnitTest\UnitTest.csproj", "{BC783C9B-3A98-48EA-B434-208DB4A5055B}"
EndProject
Project("{FAE04EC0-301F-11D3-BF4B-00C04F79EFBC}") = "System.Data.ODB.Linq", "System.Data.ODB.Linq\System.Data.ODB.Linq.csproj", "{36E44FC8-B6A4-4BAC-AFDA-02DCBE48D93E}"
EndProject
Global
	GlobalSection(SolutionConfigurationPlatforms) = preSolution
		Debug|Any CPU = Debug|Any CPU
		Debug|Mixed Platforms = Debug|Mixed Platforms
		Debug|x64 = Debug|x64
		Debug|x86 = Debug|x86
		Release|Any CPU = Release|Any CPU
		Release|Mixed Platforms = Release|Mixed Platforms
		Release|x64 = Release|x64
		Release|x86 = Release|x86
	EndGlobalSection
	GlobalSection(ProjectConfigurationPlatforms) = postSolution
		{C7BBBE3B-D59B-4EE8-BB85-903B4B7BB8F2}.Debug|Any CPU.ActiveCfg = Debug|Any CPU
		{C7BBBE3B-D59B-4EE8-BB85-903B4B7BB8F2}.Debug|Any CPU.Build.0 = Debug|Any CPU
		{C7BBBE3B-D59B-4EE8-BB85-903B4B7BB8F2}.Debug|Mixed Platforms.ActiveCfg = Debug|Any CPU
		{C7BBBE3B-D59B-4EE8-BB85-903B4B7BB8F2}.Debug|Mixed Platforms.Build.0 = Debug|Any CPU
		{C7BBBE3B-D59B-4EE8-BB85-903B4B7BB8F2}.Debug|x64.ActiveCfg = Debug|x64
		{C7BBBE3B-D59B-4EE8-BB85-903B4B7BB8F2}.Debug|x64.Build.0 = Debug|x64
		{C7BBBE3B-D59B-4EE8-BB85-903B4B7BB8F2}.Debug|x86.ActiveCfg = Debug|Any CPU
		{C7BBBE3B-D59B-4EE8-BB85-903B4B7BB8F2}.Release|Any CPU.ActiveCfg = Release|Any CPU
		{C7BBBE3B-D59B-4EE8-BB85-903B4B7BB8F2}.Release|Any CPU.Build.0 = Release|Any CPU
		{C7BBBE3B-D59B-4EE8-BB85-903B4B7BB8F2}.Release|Mixed Platforms.ActiveCfg = Release|Any CPU
		{C7BBBE3B-D59B-4EE8-BB85-903B4B7BB8F2}.Release|Mixed Platforms.Build.0 = Release|Any CPU
		{C7BBBE3B-D59B-4EE8-BB85-903B4B7BB8F2}.Release|x64.ActiveCfg = Release|x64
		{C7BBBE3B-D59B-4EE8-BB85-903B4B7BB8F2}.Release|x64.Build.0 = Release|x64
		{C7BBBE3B-D59B-4EE8-BB85-903B4B7BB8F2}.Release|x86.ActiveCfg = Release|Any CPU
		{229D7B4E-1718-4C93-9D69-EC68938A9731}.Debug|Any CPU.ActiveCfg = Debug|Any CPU
		{229D7B4E-1718-4C93-9D69-EC68938A9731}.Debug|Any CPU.Build.0 = Debug|Any CPU
		{229D7B4E-1718-4C93-9D69-EC68938A9731}.Debug|Mixed Platforms.ActiveCfg = Debug|Any CPU
		{229D7B4E-1718-4C93-9D69-EC68938A9731}.Debug|Mixed Platforms.Build.0 = Debug|Any CPU
		{229D7B4E-1718-4C93-9D69-EC68938A9731}.Debug|x64.ActiveCfg = Debug|Any CPU
		{229D7B4E-1718-4C93-9D69-EC68938A9731}.Debug|x64.Build.0 = Debug|Any CPU
		{229D7B4E-1718-4C93-9D69-EC68938A9731}.Debug|x86.ActiveCfg = Debug|Any CPU
		{229D7B4E-1718-4C93-9D69-EC68938A9731}.Release|Any CPU.ActiveCfg = Release|Any CPU
		{229D7B4E-1718-4C93-9D69-EC68938A9731}.Release|Any CPU.Build.0 = Release|Any CPU
		{229D7B4E-1718-4C93-9D69-EC68938A9731}.Release|Mixed Platforms.ActiveCfg = Release|Any CPU
		{229D7B4E-1718-4C93-9D69-EC68938A9731}.Release|Mixed Platforms.Build.0 = Release|Any CPU
		{229D7B4E-1718-4C93-9D69-EC68938A9731}.Release|x64.ActiveCfg = Release|Any CPU
		{229D7B4E-1718-4C93-9D69-EC68938A9731}.Release|x64.Build.0 = Release|Any CPU
		{229D7B4E-1718-4C93-9D69-EC68938A9731}.Release|x86.ActiveCfg = Release|Any CPU
		{BC783C9B-3A98-48EA-B434-208DB4A5055B}.Debug|Any CPU.ActiveCfg = Debug|Any CPU
		{BC783C9B-3A98-48EA-B434-208DB4A5055B}.Debug|Any CPU.Build.0 = Debug|Any CPU
		{BC783C9B-3A98-48EA-B434-208DB4A5055B}.Debug|Mixed Platforms.ActiveCfg = Debug|Any CPU
		{BC783C9B-3A98-48EA-B434-208DB4A5055B}.Debug|Mixed Platforms.Build.0 = Debug|Any CPU
		{BC783C9B-3A98-48EA-B434-208DB4A5055B}.Debug|x64.ActiveCfg = Debug|Any CPU
		{BC783C9B-3A98-48EA-B434-208DB4A5055B}.Debug|x64.Build.0 = Debug|Any CPU
		{BC783C9B-3A98-48EA-B434-208DB4A5055B}.Debug|x86.ActiveCfg = Debug|Any CPU
		{BC783C9B-3A98-48EA-B434-208DB4A5055B}.Debug|x86.Build.0 = Debug|Any CPU
		{BC783C9B-3A98-48EA-B434-208DB4A5055B}.Release|Any CPU.ActiveCfg = Release|Any CPU
		{BC783C9B-3A98-48EA-B434-208DB4A5055B}.Release|Any CPU.Build.0 = Release|Any CPU
		{BC783C9B-3A98-48EA-B434-208DB4A5055B}.Release|Mixed Platforms.ActiveCfg = Release|Any CPU
		{BC783C9B-3A98-48EA-B434-208DB4A5055B}.Release|Mixed Platforms.Build.0 = Release|Any CPU
		{BC783C9B-3A98-48EA-B434-208DB4A5055B}.Release|x64.ActiveCfg = Release|Any CPU
		{BC783C9B-3A98-48EA-B434-208DB4A5055B}.Release|x64.Build.0 = Release|Any CPU
		{BC783C9B-3A98-48EA-B434-208DB4A5055B}.Release|x86.ActiveCfg = Release|Any CPU
		{BC783C9B-3A98-48EA-B434-208DB4A5055B}.Release|x86.Build.0 = Release|Any CPU
		{36E44FC8-B6A4-4BAC-AFDA-02DCBE48D93E}.Debug|Any CPU.ActiveCfg = Debug|Any CPU
		{36E44FC8-B6A4-4BAC-AFDA-02DCBE48D93E}.Debug|Any CPU.Build.0 = Debug|Any CPU
		{36E44FC8-B6A4-4BAC-AFDA-02DCBE48D93E}.Debug|Mixed Platforms.ActiveCfg = Debug|Any CPU
		{36E44FC8-B6A4-4BAC-AFDA-02DCBE48D93E}.Debug|Mixed Platforms.Build.0 = Debug|Any CPU
		{36E44FC8-B6A4-4BAC-AFDA-02DCBE48D93E}.Debug|x64.ActiveCfg = Debug|Any CPU
		{36E44FC8-B6A4-4BAC-AFDA-02DCBE48D93E}.Debug|x64.Build.0 = Debug|Any CPU
		{36E44FC8-B6A4-4BAC-AFDA-02DCBE48D93E}.Debug|x86.ActiveCfg = Debug|Any CPU
		{36E44FC8-B6A4-4BAC-AFDA-02DCBE48D93E}.Debug|x86.Build.0 = Debug|Any CPU
		{36E44FC8-B6A4-4BAC-AFDA-02DCBE48D93E}.Release|Any CPU.ActiveCfg = Release|Any CPU
		{36E44FC8-B6A4-4BAC-AFDA-02DCBE48D93E}.Release|Any CPU.Build.0 = Release|Any CPU
		{36E44FC8-B6A4-4BAC-AFDA-02DCBE48D93E}.Release|Mixed Platforms.ActiveCfg = Release|Any CPU
		{36E44FC8-B6A4-4BAC-AFDA-02DCBE48D93E}.Release|Mixed Platforms.Build.0 = Release|Any CPU
		{36E44FC8-B6A4-4BAC-AFDA-02DCBE48D93E}.Release|x64.ActiveCfg = Release|Any CPU
		{36E44FC8-B6A4-4BAC-AFDA-02DCBE48D93E}.Release|x64.Build.0 = Release|Any CPU
		{36E44FC8-B6A4-4BAC-AFDA-02DCBE48D93E}.Release|x86.ActiveCfg = Release|Any CPU
		{36E44FC8-B6A4-4BAC-AFDA-02DCBE48D93E}.Release|x86.Build.0 = Release|Any CPU
	EndGlobalSection
	GlobalSection(SolutionProperties) = preSolution
		HideSolutionNode = FALSE
	EndGlobalSection
EndGlobal
